
Microsoft Visual Studio Solution File, Format Version 12.00
# Visual Studio 14
VisualStudioVersion = 14.0.25420.1
MinimumVisualStudioVersion = 10.0.40219.1
Project("{FAE04EC0-301F-11D3-BF4B-00C04F79EFBC}") = "EFEncapsulated", "EFEncapsulated\EFEncapsulated.csproj", "{0F41DF09-066B-4ADB-A3F3-AC15A4F91BA1}"
EndProject
Project("{FAE04EC0-301F-11D3-BF4B-00C04F79EFBC}") = "EFEncapsulated.Tests", "EFEncapsulated.Tests\EFEncapsulated.Tests.csproj", "{951E6BEA-0C6E-4FA2-A60A-296502882672}"
EndProject
Global
	GlobalSection(SolutionConfigurationPlatforms) = preSolution
		Debug|Any CPU = Debug|Any CPU
		Release|Any CPU = Release|Any CPU
	EndGlobalSection
	GlobalSection(ProjectConfigurationPlatforms) = postSolution
		{0F41DF09-066B-4ADB-A3F3-AC15A4F91BA1}.Debug|Any CPU.ActiveCfg = Debug|Any CPU
		{0F41DF09-066B-4ADB-A3F3-AC15A4F91BA1}.Debug|Any CPU.Build.0 = Debug|Any CPU
		{0F41DF09-066B-4ADB-A3F3-AC15A4F91BA1}.Release|Any CPU.ActiveCfg = Release|Any CPU
		{0F41DF09-066B-4ADB-A3F3-AC15A4F91BA1}.Release|Any CPU.Build.0 = Release|Any CPU
		{951E6BEA-0C6E-4FA2-A60A-296502882672}.Debug|Any CPU.ActiveCfg = Debug|Any CPU
		{951E6BEA-0C6E-4FA2-A60A-296502882672}.Debug|Any CPU.Build.0 = Debug|Any CPU
		{951E6BEA-0C6E-4FA2-A60A-296502882672}.Release|Any CPU.ActiveCfg = Release|Any CPU
		{951E6BEA-0C6E-4FA2-A60A-296502882672}.Release|Any CPU.Build.0 = Release|Any CPU
	EndGlobalSection
	GlobalSection(SolutionProperties) = preSolution
		HideSolutionNode = FALSE
	EndGlobalSection
EndGlobal
